// !$*UTF8*$!
{
	archiveVersion = 1;
	classes = {
	};
	objectVersion = 46;
	objects = {

/* Begin PBXBuildFile section */
		7FF54B9619BFC8EF00932BDA /* AppDelegate.swift in Sources */ = {isa = PBXBuildFile; fileRef = 7FF54B9519BFC8EF00932BDA /* AppDelegate.swift */; };
		7FF54B9819BFC8EF00932BDA /* ViewController.swift in Sources */ = {isa = PBXBuildFile; fileRef = 7FF54B9719BFC8EF00932BDA /* ViewController.swift */; };
		7FF54B9B19BFC8EF00932BDA /* Main.storyboard in Resources */ = {isa = PBXBuildFile; fileRef = 7FF54B9919BFC8EF00932BDA /* Main.storyboard */; };
		7FF54B9D19BFC8EF00932BDA /* Images.xcassets in Resources */ = {isa = PBXBuildFile; fileRef = 7FF54B9C19BFC8EF00932BDA /* Images.xcassets */; };
		7FF54BA919BFC8EF00932BDA /* PostcardTests.swift in Sources */ = {isa = PBXBuildFile; fileRef = 7FF54BA819BFC8EF00932BDA /* PostcardTests.swift */; };
/* End PBXBuildFile section */

/* Begin PBXContainerItemProxy section */
		7FF54BA319BFC8EF00932BDA /* PBXContainerItemProxy */ = {
			isa = PBXContainerItemProxy;
			containerPortal = 7FF54B8819BFC8EF00932BDA /* Project object */;
			proxyType = 1;
			remoteGlobalIDString = 7FF54B8F19BFC8EF00932BDA;
			remoteInfo = Postcard;
		};
/* End PBXContainerItemProxy section */

/* Begin PBXFileReference section */
		7FF54B9019BFC8EF00932BDA /* Postcard.app */ = {isa = PBXFileReference; explicitFileType = wrapper.application; includeInIndex = 0; path = Postcard.app; sourceTree = BUILT_PRODUCTS_DIR; };
		7FF54B9419BFC8EF00932BDA /* Info.plist */ = {isa = PBXFileReference; lastKnownFileType = text.plist.xml; path = Info.plist; sourceTree = "<group>"; };
		7FF54B9519BFC8EF00932BDA /* AppDelegate.swift */ = {isa = PBXFileReference; lastKnownFileType = sourcecode.swift; path = AppDelegate.swift; sourceTree = "<group>"; };
		7FF54B9719BFC8EF00932BDA /* ViewController.swift */ = {isa = PBXFileReference; lastKnownFileType = sourcecode.swift; path = ViewController.swift; sourceTree = "<group>"; };
		7FF54B9A19BFC8EF00932BDA /* Base */ = {isa = PBXFileReference; lastKnownFileType = file.storyboard; name = Base; path = Base.lproj/Main.storyboard; sourceTree = "<group>"; };
		7FF54B9C19BFC8EF00932BDA /* Images.xcassets */ = {isa = PBXFileReference; lastKnownFileType = folder.assetcatalog; path = Images.xcassets; sourceTree = "<group>"; };
		7FF54BA219BFC8EF00932BDA /* PostcardTests.xctest */ = {isa = PBXFileReference; explicitFileType = wrapper.cfbundle; includeInIndex = 0; path = PostcardTests.xctest; sourceTree = BUILT_PRODUCTS_DIR; };
		7FF54BA719BFC8EF00932BDA /* Info.plist */ = {isa = PBXFileReference; lastKnownFileType = text.plist.xml; path = Info.plist; sourceTree = "<group>"; };
		7FF54BA819BFC8EF00932BDA /* PostcardTests.swift */ = {isa = PBXFileReference; lastKnownFileType = sourcecode.swift; path = PostcardTests.swift; sourceTree = "<group>"; };
/* End PBXFileReference section */

/* Begin PBXFrameworksBuildPhase section */
		7FF54B8D19BFC8EF00932BDA /* Frameworks */ = {
			isa = PBXFrameworksBuildPhase;
			buildActionMask = 2147483647;
			files = (
			);
			runOnlyForDeploymentPostprocessing = 0;
		};
		7FF54B9F19BFC8EF00932BDA /* Frameworks */ = {
			isa = PBXFrameworksBuildPhase;
			buildActionMask = 2147483647;
			files = (
			);
			runOnlyForDeploymentPostprocessing = 0;
		};
/* End PBXFrameworksBuildPhase section */

/* Begin PBXGroup section */
		7FF54B8719BFC8EF00932BDA = {
			isa = PBXGroup;
			children = (
				7FF54B9219BFC8EF00932BDA /* Postcard */,
				7FF54BA519BFC8EF00932BDA /* PostcardTests */,
				7FF54B9119BFC8EF00932BDA /* Products */,
			);
			sourceTree = "<group>";
		};
		7FF54B9119BFC8EF00932BDA /* Products */ = {
			isa = PBXGroup;
			children = (
				7FF54B9019BFC8EF00932BDA /* Postcard.app */,
				7FF54BA219BFC8EF00932BDA /* PostcardTests.xctest */,
			);
			name = Products;
			sourceTree = "<group>";
		};
		7FF54B9219BFC8EF00932BDA /* Postcard */ = {
			isa = PBXGroup;
			children = (
				7FF54B9519BFC8EF00932BDA /* AppDelegate.swift */,
				7FF54B9719BFC8EF00932BDA /* ViewController.swift */,
				7FF54B9919BFC8EF00932BDA /* Main.storyboard */,
				7FF54B9C19BFC8EF00932BDA /* Images.xcassets */,
				7FF54B9319BFC8EF00932BDA /* Supporting Files */,
			);
			path = Postcard;
			sourceTree = "<group>";
		};
		7FF54B9319BFC8EF00932BDA /* Supporting Files */ = {
			isa = PBXGroup;
			children = (
				7FF54B9419BFC8EF00932BDA /* Info.plist */,
			);
			name = "Supporting Files";
			sourceTree = "<group>";
		};
		7FF54BA519BFC8EF00932BDA /* PostcardTests */ = {
			isa = PBXGroup;
			children = (
				7FF54BA819BFC8EF00932BDA /* PostcardTests.swift */,
				7FF54BA619BFC8EF00932BDA /* Supporting Files */,
			);
			path = PostcardTests;
			sourceTree = "<group>";
		};
		7FF54BA619BFC8EF00932BDA /* Supporting Files */ = {
			isa = PBXGroup;
			children = (
				7FF54BA719BFC8EF00932BDA /* Info.plist */,
			);
			name = "Supporting Files";
			sourceTree = "<group>";
		};
/* End PBXGroup section */

/* Begin PBXNativeTarget section */
		7FF54B8F19BFC8EF00932BDA /* Postcard */ = {
			isa = PBXNativeTarget;
			buildConfigurationList = 7FF54BAC19BFC8EF00932BDA /* Build configuration list for PBXNativeTarget "Postcard" */;
			buildPhases = (
				7FF54B8C19BFC8EF00932BDA /* Sources */,
				7FF54B8D19BFC8EF00932BDA /* Frameworks */,
				7FF54B8E19BFC8EF00932BDA /* Resources */,
			);
			buildRules = (
			);
			dependencies = (
			);
			name = Postcard;
			productName = Postcard;
			productReference = 7FF54B9019BFC8EF00932BDA /* Postcard.app */;
			productType = "com.apple.product-type.application";
		};
		7FF54BA119BFC8EF00932BDA /* PostcardTests */ = {
			isa = PBXNativeTarget;
			buildConfigurationList = 7FF54BAF19BFC8EF00932BDA /* Build configuration list for PBXNativeTarget "PostcardTests" */;
			buildPhases = (
				7FF54B9E19BFC8EF00932BDA /* Sources */,
				7FF54B9F19BFC8EF00932BDA /* Frameworks */,
				7FF54BA019BFC8EF00932BDA /* Resources */,
			);
			buildRules = (
			);
			dependencies = (
				7FF54BA419BFC8EF00932BDA /* PBXTargetDependency */,
			);
			name = PostcardTests;
			productName = PostcardTests;
			productReference = 7FF54BA219BFC8EF00932BDA /* PostcardTests.xctest */;
			productType = "com.apple.product-type.bundle.unit-test";
		};
/* End PBXNativeTarget section */

/* Begin PBXProject section */
		7FF54B8819BFC8EF00932BDA /* Project object */ = {
			isa = PBXProject;
			attributes = {
				LastUpgradeCheck = 0600;
				ORGANIZATIONNAME = "Belinda Heliot";
				TargetAttributes = {
					7FF54B8F19BFC8EF00932BDA = {
						CreatedOnToolsVersion = 6.0;
					};
					7FF54BA119BFC8EF00932BDA = {
						CreatedOnToolsVersion = 6.0;
						TestTargetID = 7FF54B8F19BFC8EF00932BDA;
					};
				};
			};
			buildConfigurationList = 7FF54B8B19BFC8EF00932BDA /* Build configuration list for PBXProject "Postcard" */;
			compatibilityVersion = "Xcode 3.2";
			developmentRegion = English;
			hasScannedForEncodings = 0;
			knownRegions = (
				en,
				Base,
			);
			mainGroup = 7FF54B8719BFC8EF00932BDA;
			productRefGroup = 7FF54B9119BFC8EF00932BDA /* Products */;
			projectDirPath = "";
			projectRoot = "";
			targets = (
				7FF54B8F19BFC8EF00932BDA /* Postcard */,
				7FF54BA119BFC8EF00932BDA /* PostcardTests */,
			);
		};
/* End PBXProject section */

/* Begin PBXResourcesBuildPhase section */
		7FF54B8E19BFC8EF00932BDA /* Resources */ = {
			isa = PBXResourcesBuildPhase;
			buildActionMask = 2147483647;
			files = (
				7FF54B9B19BFC8EF00932BDA /* Main.storyboard in Resources */,
				7FF54B9D19BFC8EF00932BDA /* Images.xcassets in Resources */,
			);
			runOnlyForDeploymentPostprocessing = 0;
		};
		7FF54BA019BFC8EF00932BDA /* Resources */ = {
			isa = PBXResourcesBuildPhase;
			buildActionMask = 2147483647;
			files = (
			);
			runOnlyForDeploymentPostprocessing = 0;
		};
/* End PBXResourcesBuildPhase section */

/* Begin PBXSourcesBuildPhase section */
		7FF54B8C19BFC8EF00932BDA /* Sources */ = {
			isa = PBXSourcesBuildPhase;
			buildActionMask = 2147483647;
			files = (
				7FF54B9819BFC8EF00932BDA /* ViewController.swift in Sources */,
				7FF54B9619BFC8EF00932BDA /* AppDelegate.swift in Sources */,
			);
			runOnlyForDeploymentPostprocessing = 0;
		};
		7FF54B9E19BFC8EF00932BDA /* Sources */ = {
			isa = PBXSourcesBuildPhase;
			buildActionMask = 2147483647;
			files = (
				7FF54BA919BFC8EF00932BDA /* PostcardTests.swift in Sources */,
			);
			runOnlyForDeploymentPostprocessing = 0;
		};
/* End PBXSourcesBuildPhase section */

/* Begin PBXTargetDependency section */
		7FF54BA419BFC8EF00932BDA /* PBXTargetDependency */ = {
			isa = PBXTargetDependency;
			target = 7FF54B8F19BFC8EF00932BDA /* Postcard */;
			targetProxy = 7FF54BA319BFC8EF00932BDA /* PBXContainerItemProxy */;
		};
/* End PBXTargetDependency section */

/* Begin PBXVariantGroup section */
		7FF54B9919BFC8EF00932BDA /* Main.storyboard */ = {
			isa = PBXVariantGroup;
			children = (
				7FF54B9A19BFC8EF00932BDA /* Base */,
			);
			name = Main.storyboard;
			sourceTree = "<group>";
		};
/* End PBXVariantGroup section */

/* Begin XCBuildConfiguration section */
		7FF54BAA19BFC8EF00932BDA /* Debug */ = {
			isa = XCBuildConfiguration;
			buildSettings = {
				ALWAYS_SEARCH_USER_PATHS = NO;
				CLANG_CXX_LANGUAGE_STANDARD = "gnu++0x";
				CLANG_CXX_LIBRARY = "libc++";
				CLANG_ENABLE_MODULES = YES;
				CLANG_ENABLE_OBJC_ARC = YES;
				CLANG_WARN_BOOL_CONVERSION = YES;
				CLANG_WARN_CONSTANT_CONVERSION = YES;
				CLANG_WARN_DIRECT_OBJC_ISA_USAGE = YES_ERROR;
				CLANG_WARN_EMPTY_BODY = YES;
				CLANG_WARN_ENUM_CONVERSION = YES;
				CLANG_WARN_INT_CONVERSION = YES;
				CLANG_WARN_OBJC_ROOT_CLASS = YES_ERROR;
				CLANG_WARN_UNREACHABLE_CODE = YES;
				CLANG_WARN__DUPLICATE_METHOD_MATCH = YES;
				"CODE_SIGN_IDENTITY[sdk=iphoneos*]" = "iPhone Developer";
				COPY_PHASE_STRIP = NO;
				ENABLE_STRICT_OBJC_MSGSEND = YES;
				GCC_C_LANGUAGE_STANDARD = gnu99;
				GCC_DYNAMIC_NO_PIC = NO;
				GCC_OPTIMIZATION_LEVEL = 0;
				GCC_PREPROCESSOR_DEFINITIONS = (
					"DEBUG=1",
					"$(inherited)",
				);
				GCC_SYMBOLS_PRIVATE_EXTERN = NO;
				GCC_WARN_64_TO_32_BIT_CONVERSION = YES;
				GCC_WARN_ABOUT_RETURN_TYPE = YES_ERROR;
				GCC_WARN_UNDECLARED_SELECTOR = YES;
				GCC_WARN_UNINITIALIZED_AUTOS = YES_AGGRESSIVE;
				GCC_WARN_UNUSED_FUNCTION = YES;
				GCC_WARN_UNUSED_VARIABLE = YES;
				IPHONEOS_DEPLOYMENT_TARGET = 8.0;
				MTL_ENABLE_DEBUG_INFO = YES;
				ONLY_ACTIVE_ARCH = YES;
				SDKROOT = iphoneos;
				SWIFT_OPTIMIZATION_LEVEL = "-Onone";
			};
			name = Debug;
		};
		7FF54BAB19BFC8EF00932BDA /* Release */ = {
			isa = XCBuildConfiguration;
			buildSettings = {
				ALWAYS_SEARCH_USER_PATHS = NO;
				CLANG_CXX_LANGUAGE_STANDARD = "gnu++0x";
				CLANG_CXX_LIBRARY = "libc++";
				CLANG_ENABLE_MODULES = YES;
				CLANG_ENABLE_OBJC_ARC = YES;
				CLANG_WARN_BOOL_CONVERSION = YES;
				CLANG_WARN_CONSTANT_CONVERSION = YES;
				CLANG_WARN_DIRECT_OBJC_ISA_USAGE = YES_ERROR;
				CLANG_WARN_EMPTY_BODY = YES;
				CLANG_WARN_ENUM_CONVERSION = YES;
				CLANG_WARN_INT_CONVERSION = YES;
				CLANG_WARN_OBJC_ROOT_CLASS = YES_ERROR;
				CLANG_WARN_UNREACHABLE_CODE = YES;
				CLANG_WARN__DUPLICATE_METHOD_MATCH = YES;
				"CODE_SIGN_IDENTITY[sdk=iphoneos*]" = "iPhone Developer";
				COPY_PHASE_STRIP = YES;
				ENABLE_NS_ASSERTIONS = NO;
				ENABLE_STRICT_OBJC_MSGSEND = YES;
				GCC_C_LANGUAGE_STANDARD = gnu99;
				GCC_WARN_64_TO_32_BIT_CONVERSION = YES;
				GCC_WARN_ABOUT_RETURN_TYPE = YES_ERROR;
				GCC_WARN_UNDECLARED_SELECTOR = YES;
				GCC_WARN_UNINITIALIZED_AUTOS = YES_AGGRESSIVE;
				GCC_WARN_UNUSED_FUNCTION = YES;
				GCC_WARN_UNUSED_VARIABLE = YES;
				IPHONEOS_DEPLOYMENT_TARGET = 8.0;
				MTL_ENABLE_DEBUG_INFO = NO;
				SDKROOT = iphoneos;
				VALIDATE_PRODUCT = YES;
			};
			name = Release;
		};
		7FF54BAD19BFC8EF00932BDA /* Debug */ = {
			isa = XCBuildConfiguration;
			buildSettings = {
				ASSETCATALOG_COMPILER_APPICON_NAME = AppIcon;
				ASSETCATALOG_COMPILER_LAUNCHIMAGE_NAME = LaunchImage;
				INFOPLIST_FILE = Postcard/Info.plist;
				LD_RUNPATH_SEARCH_PATHS = "$(inherited) @executable_path/Frameworks";
				PRODUCT_NAME = "$(TARGET_NAME)";
			};
			name = Debug;
		};
		7FF54BAE19BFC8EF00932BDA /* Release */ = {
			isa = XCBuildConfiguration;
			buildSettings = {
				ASSETCATALOG_COMPILER_APPICON_NAME = AppIcon;
				ASSETCATALOG_COMPILER_LAUNCHIMAGE_NAME = LaunchImage;
				INFOPLIST_FILE = Postcard/Info.plist;
				LD_RUNPATH_SEARCH_PATHS = "$(inherited) @executable_path/Frameworks";
				PRODUCT_NAME = "$(TARGET_NAME)";
			};
			name = Release;
		};
		7FF54BB019BFC8EF00932BDA /* Debug */ = {
			isa = XCBuildConfiguration;
			buildSettings = {
				BUNDLE_LOADER = "$(TEST_HOST)";
				FRAMEWORK_SEARCH_PATHS = (
					"$(SDKROOT)/Developer/Library/Frameworks",
					"$(inherited)",
				);
				GCC_PREPROCESSOR_DEFINITIONS = (
					"DEBUG=1",
					"$(inherited)",
				);
				INFOPLIST_FILE = PostcardTests/Info.plist;
				LD_RUNPATH_SEARCH_PATHS = "$(inherited) @executable_path/Frameworks @loader_path/Frameworks";
				PRODUCT_NAME = "$(TARGET_NAME)";
				TEST_HOST = "$(BUILT_PRODUCTS_DIR)/Postcard.app/Postcard";
			};
			name = Debug;
		};
		7FF54BB119BFC8EF00932BDA /* Release */ = {
			isa = XCBuildConfiguration;
			buildSettings = {
				BUNDLE_LOADER = "$(TEST_HOST)";
				FRAMEWORK_SEARCH_PATHS = (
					"$(SDKROOT)/Developer/Library/Frameworks",
					"$(inherited)",
				);
				INFOPLIST_FILE = PostcardTests/Info.plist;
				LD_RUNPATH_SEARCH_PATHS = "$(inherited) @executable_path/Frameworks @loader_path/Frameworks";
				PRODUCT_NAME = "$(TARGET_NAME)";
				TEST_HOST = "$(BUILT_PRODUCTS_DIR)/Postcard.app/Postcard";
			};
			name = Release;
		};
/* End XCBuildConfiguration section */

/* Begin XCConfigurationList section */
		7FF54B8B19BFC8EF00932BDA /* Build configuration list for PBXProject "Postcard" */ = {
			isa = XCConfigurationList;
			buildConfigurations = (
				7FF54BAA19BFC8EF00932BDA /* Debug */,
				7FF54BAB19BFC8EF00932BDA /* Release */,
			);
			defaultConfigurationIsVisible = 0;
			defaultConfigurationName = Release;
		};
		7FF54BAC19BFC8EF00932BDA /* Build configuration list for PBXNativeTarget "Postcard" */ = {
			isa = XCConfigurationList;
			buildConfigurations = (
				7FF54BAD19BFC8EF00932BDA /* Debug */,
				7FF54BAE19BFC8EF00932BDA /* Release */,
			);
			defaultConfigurationIsVisible = 0;
		};
		7FF54BAF19BFC8EF00932BDA /* Build configuration list for PBXNativeTarget "PostcardTests" */ = {
			isa = XCConfigurationList;
			buildConfigurations = (
				7FF54BB019BFC8EF00932BDA /* Debug */,
				7FF54BB119BFC8EF00932BDA /* Release */,
			);
			defaultConfigurationIsVisible = 0;
		};
/* End XCConfigurationList section */
	};
	rootObject = 7FF54B8819BFC8EF00932BDA /* Project object */;
}
